
Microsoft Visual Studio Solution File, Format Version 12.00
# Visual Studio Version 16
VisualStudioVersion = 16.0.29123.88
MinimumVisualStudioVersion = 10.0.40219.1
Project("{FAE04EC0-301F-11D3-BF4B-00C04F79EFBC}") = "romano.GPconverter", "romano.GPconverter.csproj", "{B98D0138-E127-4127-BE0B-C667201EBCB8}"
EndProject
Global
	GlobalSection(SolutionConfigurationPlatforms) = preSolution
		Debug|Any CPU = Debug|Any CPU
		Release|Any CPU = Release|Any CPU
	EndGlobalSection
	GlobalSection(ProjectConfigurationPlatforms) = postSolution
		{B98D0138-E127-4127-BE0B-C667201EBCB8}.Debug|Any CPU.ActiveCfg = Debug|Any CPU
		{B98D0138-E127-4127-BE0B-C667201EBCB8}.Debug|Any CPU.Build.0 = Debug|Any CPU
		{B98D0138-E127-4127-BE0B-C667201EBCB8}.Release|Any CPU.ActiveCfg = Release|Any CPU
		{B98D0138-E127-4127-BE0B-C667201EBCB8}.Release|Any CPU.Build.0 = Release|Any CPU
	EndGlobalSection
	GlobalSection(SolutionProperties) = preSolution
		HideSolutionNode = FALSE
	EndGlobalSection
	GlobalSection(ExtensibilityGlobals) = postSolution
		SolutionGuid = {AD1E0C43-7673-4033-8908-76A4847CB2B3}
	EndGlobalSection
EndGlobal
